// !$*UTF8*$!
{
	archiveVersion = 1;
	classes = {
	};
	objectVersion = 56;
	objects = {

/* Begin PBXBuildFile section */
		1A1AFFFE2AFBE6E7009A417C /* ValuesData.swift in Sources */ = {isa = PBXBuildFile; fileRef = 1A1AFFFD2AFBE6E7009A417C /* ValuesData.swift */; };
		1A94F7092AFBDBBC00831D26 /* AppDelegate.swift in Sources */ = {isa = PBXBuildFile; fileRef = 1A94F7082AFBDBBC00831D26 /* AppDelegate.swift */; };
		1A94F70B2AFBDBBC00831D26 /* SceneDelegate.swift in Sources */ = {isa = PBXBuildFile; fileRef = 1A94F70A2AFBDBBC00831D26 /* SceneDelegate.swift */; };
		1A94F7102AFBDBBC00831D26 /* Main.storyboard in Resources */ = {isa = PBXBuildFile; fileRef = 1A94F70E2AFBDBBC00831D26 /* Main.storyboard */; };
		1A94F7122AFBDBBF00831D26 /* Assets.xcassets in Resources */ = {isa = PBXBuildFile; fileRef = 1A94F7112AFBDBBF00831D26 /* Assets.xcassets */; };
		1A94F7152AFBDBBF00831D26 /* LaunchScreen.storyboard in Resources */ = {isa = PBXBuildFile; fileRef = 1A94F7132AFBDBBF00831D26 /* LaunchScreen.storyboard */; };
		1A94F71F2AFBDCE500831D26 /* AnimationAppModel.swift in Sources */ = {isa = PBXBuildFile; fileRef = 1A94F71E2AFBDCE500831D26 /* AnimationAppModel.swift */; };
		1A94F7242AFBDEEF00831D26 /* MainViewController.swift in Sources */ = {isa = PBXBuildFile; fileRef = 1A94F7232AFBDEEF00831D26 /* MainViewController.swift */; };
		1A94F7272AFBDF9D00831D26 /* SpringAnimation in Frameworks */ = {isa = PBXBuildFile; productRef = 1A94F7262AFBDF9D00831D26 /* SpringAnimation */; };
/* End PBXBuildFile section */

/* Begin PBXFileReference section */
		1A1AFFFD2AFBE6E7009A417C /* ValuesData.swift */ = {isa = PBXFileReference; lastKnownFileType = sourcecode.swift; path = ValuesData.swift; sourceTree = "<group>"; };
		1A94F7052AFBDBBC00831D26 /* AnimationApp.app */ = {isa = PBXFileReference; explicitFileType = wrapper.application; includeInIndex = 0; path = AnimationApp.app; sourceTree = BUILT_PRODUCTS_DIR; };
		1A94F7082AFBDBBC00831D26 /* AppDelegate.swift */ = {isa = PBXFileReference; lastKnownFileType = sourcecode.swift; path = AppDelegate.swift; sourceTree = "<group>"; };
		1A94F70A2AFBDBBC00831D26 /* SceneDelegate.swift */ = {isa = PBXFileReference; lastKnownFileType = sourcecode.swift; path = SceneDelegate.swift; sourceTree = "<group>"; };
		1A94F70F2AFBDBBC00831D26 /* Base */ = {isa = PBXFileReference; lastKnownFileType = file.storyboard; name = Base; path = Base.lproj/Main.storyboard; sourceTree = "<group>"; };
		1A94F7112AFBDBBF00831D26 /* Assets.xcassets */ = {isa = PBXFileReference; lastKnownFileType = folder.assetcatalog; path = Assets.xcassets; sourceTree = "<group>"; };
		1A94F7142AFBDBBF00831D26 /* Base */ = {isa = PBXFileReference; lastKnownFileType = file.storyboard; name = Base; path = Base.lproj/LaunchScreen.storyboard; sourceTree = "<group>"; };
		1A94F7162AFBDBBF00831D26 /* Info.plist */ = {isa = PBXFileReference; lastKnownFileType = text.plist.xml; path = Info.plist; sourceTree = "<group>"; };
		1A94F71E2AFBDCE500831D26 /* AnimationAppModel.swift */ = {isa = PBXFileReference; lastKnownFileType = sourcecode.swift; path = AnimationAppModel.swift; sourceTree = "<group>"; };
		1A94F7232AFBDEEF00831D26 /* MainViewController.swift */ = {isa = PBXFileReference; lastKnownFileType = sourcecode.swift; path = MainViewController.swift; sourceTree = "<group>"; };
/* End PBXFileReference section */

/* Begin PBXFrameworksBuildPhase section */
		1A94F7022AFBDBBC00831D26 /* Frameworks */ = {
			isa = PBXFrameworksBuildPhase;
			buildActionMask = 2147483647;
			files = (
				1A94F7272AFBDF9D00831D26 /* SpringAnimation in Frameworks */,
			);
			runOnlyForDeploymentPostprocessing = 0;
		};
/* End PBXFrameworksBuildPhase section */

/* Begin PBXGroup section */
		1A1AFFFC2AFBE6C1009A417C /* Services */ = {
			isa = PBXGroup;
			children = (
				1A1AFFFD2AFBE6E7009A417C /* ValuesData.swift */,
			);
			path = Services;
			sourceTree = "<group>";
		};
		1A94F6FC2AFBDBBC00831D26 = {
			isa = PBXGroup;
			children = (
				1A94F7072AFBDBBC00831D26 /* AnimationApp */,
				1A94F7062AFBDBBC00831D26 /* Products */,
			);
			sourceTree = "<group>";
		};
		1A94F7062AFBDBBC00831D26 /* Products */ = {
			isa = PBXGroup;
			children = (
				1A94F7052AFBDBBC00831D26 /* AnimationApp.app */,
			);
			name = Products;
			sourceTree = "<group>";
		};
		1A94F7072AFBDBBC00831D26 /* AnimationApp */ = {
			isa = PBXGroup;
			children = (
				1A1AFFFC2AFBE6C1009A417C /* Services */,
				1A94F71C2AFBDC4700831D26 /* Storyboards */,
				1A94F71D2AFBDCB700831D26 /* ViewControllers */,
				1A94F7202AFBDD1B00831D26 /* Model */,
				1A94F7212AFBDD5800831D26 /* SupportingFiles */,
				1A94F7222AFBDD8700831D26 /* Resources */,
			);
			path = AnimationApp;
			sourceTree = "<group>";
		};
		1A94F71C2AFBDC4700831D26 /* Storyboards */ = {
			isa = PBXGroup;
			children = (
				1A94F70E2AFBDBBC00831D26 /* Main.storyboard */,
				1A94F7132AFBDBBF00831D26 /* LaunchScreen.storyboard */,
			);
			path = Storyboards;
			sourceTree = "<group>";
		};
		1A94F71D2AFBDCB700831D26 /* ViewControllers */ = {
			isa = PBXGroup;
			children = (
				1A94F7232AFBDEEF00831D26 /* MainViewController.swift */,
			);
			path = ViewControllers;
			sourceTree = "<group>";
		};
		1A94F7202AFBDD1B00831D26 /* Model */ = {
			isa = PBXGroup;
			children = (
				1A94F71E2AFBDCE500831D26 /* AnimationAppModel.swift */,
			);
			path = Model;
			sourceTree = "<group>";
		};
		1A94F7212AFBDD5800831D26 /* SupportingFiles */ = {
			isa = PBXGroup;
			children = (
				1A94F7162AFBDBBF00831D26 /* Info.plist */,
				1A94F70A2AFBDBBC00831D26 /* SceneDelegate.swift */,
				1A94F7082AFBDBBC00831D26 /* AppDelegate.swift */,
			);
			path = SupportingFiles;
			sourceTree = "<group>";
		};
		1A94F7222AFBDD8700831D26 /* Resources */ = {
			isa = PBXGroup;
			children = (
				1A94F7112AFBDBBF00831D26 /* Assets.xcassets */,
			);
			path = Resources;
			sourceTree = "<group>";
		};
/* End PBXGroup section */

/* Begin PBXNativeTarget section */
		1A94F7042AFBDBBC00831D26 /* AnimationApp */ = {
			isa = PBXNativeTarget;
			buildConfigurationList = 1A94F7192AFBDBBF00831D26 /* Build configuration list for PBXNativeTarget "AnimationApp" */;
			buildPhases = (
				1A94F7012AFBDBBC00831D26 /* Sources */,
				1A94F7022AFBDBBC00831D26 /* Frameworks */,
				1A94F7032AFBDBBC00831D26 /* Resources */,
			);
			buildRules = (
			);
			dependencies = (
			);
			name = AnimationApp;
			packageProductDependencies = (
				1A94F7262AFBDF9D00831D26 /* SpringAnimation */,
			);
			productName = AnimationApp;
			productReference = 1A94F7052AFBDBBC00831D26 /* AnimationApp.app */;
			productType = "com.apple.product-type.application";
		};
/* End PBXNativeTarget section */

/* Begin PBXProject section */
		1A94F6FD2AFBDBBC00831D26 /* Project object */ = {
			isa = PBXProject;
			attributes = {
				BuildIndependentTargetsInParallel = 1;
				LastSwiftUpdateCheck = 1430;
				LastUpgradeCheck = 1430;
				TargetAttributes = {
					1A94F7042AFBDBBC00831D26 = {
						CreatedOnToolsVersion = 14.3.1;
					};
				};
			};
			buildConfigurationList = 1A94F7002AFBDBBC00831D26 /* Build configuration list for PBXProject "AnimationApp" */;
			compatibilityVersion = "Xcode 14.0";
			developmentRegion = en;
			hasScannedForEncodings = 0;
			knownRegions = (
				en,
				Base,
			);
			mainGroup = 1A94F6FC2AFBDBBC00831D26;
			packageReferences = (
				1A94F7252AFBDF9D00831D26 /* XCRemoteSwiftPackageReference "SpringAnimation" */,
			);
			productRefGroup = 1A94F7062AFBDBBC00831D26 /* Products */;
			projectDirPath = "";
			projectRoot = "";
			targets = (
				1A94F7042AFBDBBC00831D26 /* AnimationApp */,
			);
		};
/* End PBXProject section */

/* Begin PBXResourcesBuildPhase section */
		1A94F7032AFBDBBC00831D26 /* Resources */ = {
			isa = PBXResourcesBuildPhase;
			buildActionMask = 2147483647;
			files = (
				1A94F7152AFBDBBF00831D26 /* LaunchScreen.storyboard in Resources */,
				1A94F7122AFBDBBF00831D26 /* Assets.xcassets in Resources */,
				1A94F7102AFBDBBC00831D26 /* Main.storyboard in Resources */,
			);
			runOnlyForDeploymentPostprocessing = 0;
		};
/* End PBXResourcesBuildPhase section */

/* Begin PBXSourcesBuildPhase section */
		1A94F7012AFBDBBC00831D26 /* Sources */ = {
			isa = PBXSourcesBuildPhase;
			buildActionMask = 2147483647;
			files = (
				1A1AFFFE2AFBE6E7009A417C /* ValuesData.swift in Sources */,
				1A94F71F2AFBDCE500831D26 /* AnimationAppModel.swift in Sources */,
				1A94F7092AFBDBBC00831D26 /* AppDelegate.swift in Sources */,
				1A94F70B2AFBDBBC00831D26 /* SceneDelegate.swift in Sources */,
				1A94F7242AFBDEEF00831D26 /* MainViewController.swift in Sources */,
			);
			runOnlyForDeploymentPostprocessing = 0;
		};
/* End PBXSourcesBuildPhase section */

/* Begin PBXVariantGroup section */
		1A94F70E2AFBDBBC00831D26 /* Main.storyboard */ = {
			isa = PBXVariantGroup;
			children = (
				1A94F70F2AFBDBBC00831D26 /* Base */,
			);
			name = Main.storyboard;
			sourceTree = "<group>";
		};
		1A94F7132AFBDBBF00831D26 /* LaunchScreen.storyboard */ = {
			isa = PBXVariantGroup;
			children = (
				1A94F7142AFBDBBF00831D26 /* Base */,
			);
			name = LaunchScreen.storyboard;
			sourceTree = "<group>";
		};
/* End PBXVariantGroup section */

/* Begin XCBuildConfiguration section */
		1A94F7172AFBDBBF00831D26 /* Debug */ = {
			isa = XCBuildConfiguration;
			buildSettings = {
				ALWAYS_SEARCH_USER_PATHS = NO;
				CLANG_ANALYZER_NONNULL = YES;
				CLANG_ANALYZER_NUMBER_OBJECT_CONVERSION = YES_AGGRESSIVE;
				CLANG_CXX_LANGUAGE_STANDARD = "gnu++20";
				CLANG_ENABLE_MODULES = YES;
				CLANG_ENABLE_OBJC_ARC = YES;
				CLANG_ENABLE_OBJC_WEAK = YES;
				CLANG_WARN_BLOCK_CAPTURE_AUTORELEASING = YES;
				CLANG_WARN_BOOL_CONVERSION = YES;
				CLANG_WARN_COMMA = YES;
				CLANG_WARN_CONSTANT_CONVERSION = YES;
				CLANG_WARN_DEPRECATED_OBJC_IMPLEMENTATIONS = YES;
				CLANG_WARN_DIRECT_OBJC_ISA_USAGE = YES_ERROR;
				CLANG_WARN_DOCUMENTATION_COMMENTS = YES;
				CLANG_WARN_EMPTY_BODY = YES;
				CLANG_WARN_ENUM_CONVERSION = YES;
				CLANG_WARN_INFINITE_RECURSION = YES;
				CLANG_WARN_INT_CONVERSION = YES;
				CLANG_WARN_NON_LITERAL_NULL_CONVERSION = YES;
				CLANG_WARN_OBJC_IMPLICIT_RETAIN_SELF = YES;
				CLANG_WARN_OBJC_LITERAL_CONVERSION = YES;
				CLANG_WARN_OBJC_ROOT_CLASS = YES_ERROR;
				CLANG_WARN_QUOTED_INCLUDE_IN_FRAMEWORK_HEADER = YES;
				CLANG_WARN_RANGE_LOOP_ANALYSIS = YES;
				CLANG_WARN_STRICT_PROTOTYPES = YES;
				CLANG_WARN_SUSPICIOUS_MOVE = YES;
				CLANG_WARN_UNGUARDED_AVAILABILITY = YES_AGGRESSIVE;
				CLANG_WARN_UNREACHABLE_CODE = YES;
				CLANG_WARN__DUPLICATE_METHOD_MATCH = YES;
				COPY_PHASE_STRIP = NO;
				DEBUG_INFORMATION_FORMAT = dwarf;
				ENABLE_STRICT_OBJC_MSGSEND = YES;
				ENABLE_TESTABILITY = YES;
				GCC_C_LANGUAGE_STANDARD = gnu11;
				GCC_DYNAMIC_NO_PIC = NO;
				GCC_NO_COMMON_BLOCKS = YES;
				GCC_OPTIMIZATION_LEVEL = 0;
				GCC_PREPROCESSOR_DEFINITIONS = (
					"DEBUG=1",
					"$(inherited)",
				);
				GCC_WARN_64_TO_32_BIT_CONVERSION = YES;
				GCC_WARN_ABOUT_RETURN_TYPE = YES_ERROR;
				GCC_WARN_UNDECLARED_SELECTOR = YES;
				GCC_WARN_UNINITIALIZED_AUTOS = YES_AGGRESSIVE;
				GCC_WARN_UNUSED_FUNCTION = YES;
				GCC_WARN_UNUSED_VARIABLE = YES;
				IPHONEOS_DEPLOYMENT_TARGET = 16.4;
				MTL_ENABLE_DEBUG_INFO = INCLUDE_SOURCE;
				MTL_FAST_MATH = YES;
				ONLY_ACTIVE_ARCH = YES;
				SDKROOT = iphoneos;
				SWIFT_ACTIVE_COMPILATION_CONDITIONS = DEBUG;
				SWIFT_OPTIMIZATION_LEVEL = "-Onone";
			};
			name = Debug;
		};
		1A94F7182AFBDBBF00831D26 /* Release */ = {
			isa = XCBuildConfiguration;
			buildSettings = {
				ALWAYS_SEARCH_USER_PATHS = NO;
				CLANG_ANALYZER_NONNULL = YES;
				CLANG_ANALYZER_NUMBER_OBJECT_CONVERSION = YES_AGGRESSIVE;
				CLANG_CXX_LANGUAGE_STANDARD = "gnu++20";
				CLANG_ENABLE_MODULES = YES;
				CLANG_ENABLE_OBJC_ARC = YES;
				CLANG_ENABLE_OBJC_WEAK = YES;
				CLANG_WARN_BLOCK_CAPTURE_AUTORELEASING = YES;
				CLANG_WARN_BOOL_CONVERSION = YES;
				CLANG_WARN_COMMA = YES;
				CLANG_WARN_CONSTANT_CONVERSION = YES;
				CLANG_WARN_DEPRECATED_OBJC_IMPLEMENTATIONS = YES;
				CLANG_WARN_DIRECT_OBJC_ISA_USAGE = YES_ERROR;
				CLANG_WARN_DOCUMENTATION_COMMENTS = YES;
				CLANG_WARN_EMPTY_BODY = YES;
				CLANG_WARN_ENUM_CONVERSION = YES;
				CLANG_WARN_INFINITE_RECURSION = YES;
				CLANG_WARN_INT_CONVERSION = YES;
				CLANG_WARN_NON_LITERAL_NULL_CONVERSION = YES;
				CLANG_WARN_OBJC_IMPLICIT_RETAIN_SELF = YES;
				CLANG_WARN_OBJC_LITERAL_CONVERSION = YES;
				CLANG_WARN_OBJC_ROOT_CLASS = YES_ERROR;
				CLANG_WARN_QUOTED_INCLUDE_IN_FRAMEWORK_HEADER = YES;
				CLANG_WARN_RANGE_LOOP_ANALYSIS = YES;
				CLANG_WARN_STRICT_PROTOTYPES = YES;
				CLANG_WARN_SUSPICIOUS_MOVE = YES;
				CLANG_WARN_UNGUARDED_AVAILABILITY = YES_AGGRESSIVE;
				CLANG_WARN_UNREACHABLE_CODE = YES;
				CLANG_WARN__DUPLICATE_METHOD_MATCH = YES;
				COPY_PHASE_STRIP = NO;
				DEBUG_INFORMATION_FORMAT = "dwarf-with-dsym";
				ENABLE_NS_ASSERTIONS = NO;
				ENABLE_STRICT_OBJC_MSGSEND = YES;
				GCC_C_LANGUAGE_STANDARD = gnu11;
				GCC_NO_COMMON_BLOCKS = YES;
				GCC_WARN_64_TO_32_BIT_CONVERSION = YES;
				GCC_WARN_ABOUT_RETURN_TYPE = YES_ERROR;
				GCC_WARN_UNDECLARED_SELECTOR = YES;
				GCC_WARN_UNINITIALIZED_AUTOS = YES_AGGRESSIVE;
				GCC_WARN_UNUSED_FUNCTION = YES;
				GCC_WARN_UNUSED_VARIABLE = YES;
				IPHONEOS_DEPLOYMENT_TARGET = 16.4;
				MTL_ENABLE_DEBUG_INFO = NO;
				MTL_FAST_MATH = YES;
				SDKROOT = iphoneos;
				SWIFT_COMPILATION_MODE = wholemodule;
				SWIFT_OPTIMIZATION_LEVEL = "-O";
				VALIDATE_PRODUCT = YES;
			};
			name = Release;
		};
		1A94F71A2AFBDBBF00831D26 /* Debug */ = {
			isa = XCBuildConfiguration;
			buildSettings = {
				ASSETCATALOG_COMPILER_APPICON_NAME = AppIcon;
				ASSETCATALOG_COMPILER_GLOBAL_ACCENT_COLOR_NAME = AccentColor;
				CODE_SIGN_STYLE = Automatic;
				CURRENT_PROJECT_VERSION = 1;
				DEVELOPMENT_TEAM = KZZGK78Y3X;
				GENERATE_INFOPLIST_FILE = YES;
				INFOPLIST_FILE = AnimationApp/SupportingFiles/Info.plist;
				INFOPLIST_KEY_UIApplicationSupportsIndirectInputEvents = YES;
				INFOPLIST_KEY_UILaunchStoryboardName = LaunchScreen;
				INFOPLIST_KEY_UIMainStoryboardFile = Main;
				INFOPLIST_KEY_UISupportedInterfaceOrientations = UIInterfaceOrientationPortrait;
				INFOPLIST_KEY_UISupportedInterfaceOrientations_iPad = "UIInterfaceOrientationLandscapeLeft UIInterfaceOrientationLandscapeRight UIInterfaceOrientationPortrait UIInterfaceOrientationPortraitUpsideDown";
				LD_RUNPATH_SEARCH_PATHS = (
					"$(inherited)",
					"@executable_path/Frameworks",
				);
				MARKETING_VERSION = 1.0;
				PRODUCT_BUNDLE_IDENTIFIER = com.alexeidemin.AnimationApp;
				PRODUCT_NAME = "$(TARGET_NAME)";
				SUPPORTED_PLATFORMS = "iphoneos iphonesimulator";
				SUPPORTS_MACCATALYST = NO;
				SUPPORTS_MAC_DESIGNED_FOR_IPHONE_IPAD = NO;
				SWIFT_EMIT_LOC_STRINGS = YES;
				SWIFT_VERSION = 5.0;
				TARGETED_DEVICE_FAMILY = 1;
			};
			name = Debug;
		};
		1A94F71B2AFBDBBF00831D26 /* Release */ = {
			isa = XCBuildConfiguration;
			buildSettings = {
				ASSETCATALOG_COMPILER_APPICON_NAME = AppIcon;
				ASSETCATALOG_COMPILER_GLOBAL_ACCENT_COLOR_NAME = AccentColor;
				CODE_SIGN_STYLE = Automatic;
				CURRENT_PROJECT_VERSION = 1;
				DEVELOPMENT_TEAM = KZZGK78Y3X;
				GENERATE_INFOPLIST_FILE = YES;
				INFOPLIST_FILE = AnimationApp/SupportingFiles/Info.plist;
				INFOPLIST_KEY_UIApplicationSupportsIndirectInputEvents = YES;
				INFOPLIST_KEY_UILaunchStoryboardName = LaunchScreen;
				INFOPLIST_KEY_UIMainStoryboardFile = Main;
				INFOPLIST_KEY_UISupportedInterfaceOrientations = UIInterfaceOrientationPortrait;
				INFOPLIST_KEY_UISupportedInterfaceOrientations_iPad = "UIInterfaceOrientationLandscapeLeft UIInterfaceOrientationLandscapeRight UIInterfaceOrientationPortrait UIInterfaceOrientationPortraitUpsideDown";
				LD_RUNPATH_SEARCH_PATHS = (
					"$(inherited)",
					"@executable_path/Frameworks",
				);
				MARKETING_VERSION = 1.0;
				PRODUCT_BUNDLE_IDENTIFIER = com.alexeidemin.AnimationApp;
				PRODUCT_NAME = "$(TARGET_NAME)";
				SUPPORTED_PLATFORMS = "iphoneos iphonesimulator";
				SUPPORTS_MACCATALYST = NO;
				SUPPORTS_MAC_DESIGNED_FOR_IPHONE_IPAD = NO;
				SWIFT_EMIT_LOC_STRINGS = YES;
				SWIFT_VERSION = 5.0;
				TARGETED_DEVICE_FAMILY = 1;
			};
			name = Release;
		};
/* End XCBuildConfiguration section */

/* Begin XCConfigurationList section */
		1A94F7002AFBDBBC00831D26 /* Build configuration list for PBXProject "AnimationApp" */ = {
			isa = XCConfigurationList;
			buildConfigurations = (
				1A94F7172AFBDBBF00831D26 /* Debug */,
				1A94F7182AFBDBBF00831D26 /* Release */,
			);
			defaultConfigurationIsVisible = 0;
			defaultConfigurationName = Release;
		};
		1A94F7192AFBDBBF00831D26 /* Build configuration list for PBXNativeTarget "AnimationApp" */ = {
			isa = XCConfigurationList;
			buildConfigurations = (
				1A94F71A2AFBDBBF00831D26 /* Debug */,
				1A94F71B2AFBDBBF00831D26 /* Release */,
			);
			defaultConfigurationIsVisible = 0;
			defaultConfigurationName = Release;
		};
/* End XCConfigurationList section */

/* Begin XCRemoteSwiftPackageReference section */
		1A94F7252AFBDF9D00831D26 /* XCRemoteSwiftPackageReference "SpringAnimation" */ = {
			isa = XCRemoteSwiftPackageReference;
			repositoryURL = "https://github.com/LexDeBash/SpringAnimation.git";
			requirement = {
				kind = upToNextMajorVersion;
				minimumVersion = 0.3.0;
			};
		};
/* End XCRemoteSwiftPackageReference section */

/* Begin XCSwiftPackageProductDependency section */
		1A94F7262AFBDF9D00831D26 /* SpringAnimation */ = {
			isa = XCSwiftPackageProductDependency;
			package = 1A94F7252AFBDF9D00831D26 /* XCRemoteSwiftPackageReference "SpringAnimation" */;
			productName = SpringAnimation;
		};
/* End XCSwiftPackageProductDependency section */
	};
	rootObject = 1A94F6FD2AFBDBBC00831D26 /* Project object */;
}
